
Microsoft Visual Studio Solution File, Format Version 12.00
# Visual Studio Version 17
VisualStudioVersion = 17.5.33530.505
MinimumVisualStudioVersion = 10.0.40219.1
Project("{FAE04EC0-301F-11D3-BF4B-00C04F79EFBC}") = "KolodvorApp.Server", "KolodvorApp\Server\KolodvorApp.Server.csproj", "{09C5B2E8-F40C-4758-BDF9-06F70FCDCEE8}"
EndProject
Project("{FAE04EC0-301F-11D3-BF4B-00C04F79EFBC}") = "KolodvorApp.Client", "KolodvorApp\Client\KolodvorApp.Client.csproj", "{D82D2CFC-9D7E-408E-AEA8-81913A47732B}"
EndProject
Project("{FAE04EC0-301F-11D3-BF4B-00C04F79EFBC}") = "KolodvorApp.Shared", "KolodvorApp\Shared\KolodvorApp.Shared.csproj", "{6ADCB44B-2F63-4BB3-B312-4542C5118182}"
EndProject
Project("{FAE04EC0-301F-11D3-BF4B-00C04F79EFBC}") = "KolodvorApp.Persistance", "KolodvorApp.Persistance\KolodvorApp.Persistance.csproj", "{96719E6F-9976-49F7-ADAD-A87C7684211C}"
EndProject
Global
	GlobalSection(SolutionConfigurationPlatforms) = preSolution
		Debug|Any CPU = Debug|Any CPU
		Release|Any CPU = Release|Any CPU
	EndGlobalSection
	GlobalSection(ProjectConfigurationPlatforms) = postSolution
		{09C5B2E8-F40C-4758-BDF9-06F70FCDCEE8}.Debug|Any CPU.ActiveCfg = Debug|Any CPU
		{09C5B2E8-F40C-4758-BDF9-06F70FCDCEE8}.Debug|Any CPU.Build.0 = Debug|Any CPU
		{09C5B2E8-F40C-4758-BDF9-06F70FCDCEE8}.Release|Any CPU.ActiveCfg = Release|Any CPU
		{09C5B2E8-F40C-4758-BDF9-06F70FCDCEE8}.Release|Any CPU.Build.0 = Release|Any CPU
		{D82D2CFC-9D7E-408E-AEA8-81913A47732B}.Debug|Any CPU.ActiveCfg = Debug|Any CPU
		{D82D2CFC-9D7E-408E-AEA8-81913A47732B}.Debug|Any CPU.Build.0 = Debug|Any CPU
		{D82D2CFC-9D7E-408E-AEA8-81913A47732B}.Release|Any CPU.ActiveCfg = Release|Any CPU
		{D82D2CFC-9D7E-408E-AEA8-81913A47732B}.Release|Any CPU.Build.0 = Release|Any CPU
		{6ADCB44B-2F63-4BB3-B312-4542C5118182}.Debug|Any CPU.ActiveCfg = Debug|Any CPU
		{6ADCB44B-2F63-4BB3-B312-4542C5118182}.Debug|Any CPU.Build.0 = Debug|Any CPU
		{6ADCB44B-2F63-4BB3-B312-4542C5118182}.Release|Any CPU.ActiveCfg = Release|Any CPU
		{6ADCB44B-2F63-4BB3-B312-4542C5118182}.Release|Any CPU.Build.0 = Release|Any CPU
		{96719E6F-9976-49F7-ADAD-A87C7684211C}.Debug|Any CPU.ActiveCfg = Debug|Any CPU
		{96719E6F-9976-49F7-ADAD-A87C7684211C}.Debug|Any CPU.Build.0 = Debug|Any CPU
		{96719E6F-9976-49F7-ADAD-A87C7684211C}.Release|Any CPU.ActiveCfg = Release|Any CPU
		{96719E6F-9976-49F7-ADAD-A87C7684211C}.Release|Any CPU.Build.0 = Release|Any CPU
	EndGlobalSection
	GlobalSection(SolutionProperties) = preSolution
		HideSolutionNode = FALSE
	EndGlobalSection
	GlobalSection(ExtensibilityGlobals) = postSolution
		SolutionGuid = {5A6290F1-7261-4A98-B846-A43295AE289B}
	EndGlobalSection
EndGlobal
